
Microsoft Visual Studio Solution File, Format Version 12.00
# Visual Studio 15
VisualStudioVersion = 15.0.26403.7
MinimumVisualStudioVersion = 10.0.40219.1
Project("{D954291E-2A0B-460D-934E-DC6B0785DB48}") = "Country", "Country\Country\Country.shproj", "{34AFAD82-31A7-4A22-A5A6-3F6F4B75FD40}"
EndProject
Project("{FAE04EC0-301F-11D3-BF4B-00C04F79EFBC}") = "Country.Android", "Country\Country.Android\Country.Android.csproj", "{3FB15266-8D5B-4280-B617-EE32979E8E29}"
EndProject
Project("{FAE04EC0-301F-11D3-BF4B-00C04F79EFBC}") = "Country.iOS", "Country\Country.iOS\Country.iOS.csproj", "{AB824F99-9E7F-43FE-B5B5-203FD0443FD2}"
EndProject
Project("{FAE04EC0-301F-11D3-BF4B-00C04F79EFBC}") = "Country.UWP", "Country\Country.UWP\Country.UWP.csproj", "{5DF299A0-3B67-49E7-8E74-0F5B142A3BB9}"
EndProject
Global
	GlobalSection(SharedMSBuildProjectFiles) = preSolution
		Country\Country\Country.projitems*{34afad82-31a7-4a22-a5a6-3f6f4b75fd40}*SharedItemsImports = 13
		Country\Country\Country.projitems*{3fb15266-8d5b-4280-b617-ee32979e8e29}*SharedItemsImports = 4
		Country\Country\Country.projitems*{5df299a0-3b67-49e7-8e74-0f5b142a3bb9}*SharedItemsImports = 4
		Country\Country\Country.projitems*{ab824f99-9e7f-43fe-b5b5-203fd0443fd2}*SharedItemsImports = 4
	EndGlobalSection
	GlobalSection(SolutionConfigurationPlatforms) = preSolution
		Ad-Hoc|Any CPU = Ad-Hoc|Any CPU
		Ad-Hoc|ARM = Ad-Hoc|ARM
		Ad-Hoc|iPhone = Ad-Hoc|iPhone
		Ad-Hoc|iPhoneSimulator = Ad-Hoc|iPhoneSimulator
		Ad-Hoc|x64 = Ad-Hoc|x64
		Ad-Hoc|x86 = Ad-Hoc|x86
		AppStore|Any CPU = AppStore|Any CPU
		AppStore|ARM = AppStore|ARM
		AppStore|iPhone = AppStore|iPhone
		AppStore|iPhoneSimulator = AppStore|iPhoneSimulator
		AppStore|x64 = AppStore|x64
		AppStore|x86 = AppStore|x86
		Debug|Any CPU = Debug|Any CPU
		Debug|ARM = Debug|ARM
		Debug|iPhone = Debug|iPhone
		Debug|iPhoneSimulator = Debug|iPhoneSimulator
		Debug|x64 = Debug|x64
		Debug|x86 = Debug|x86
		Release|Any CPU = Release|Any CPU
		Release|ARM = Release|ARM
		Release|iPhone = Release|iPhone
		Release|iPhoneSimulator = Release|iPhoneSimulator
		Release|x64 = Release|x64
		Release|x86 = Release|x86
	EndGlobalSection
	GlobalSection(ProjectConfigurationPlatforms) = postSolution
		{3FB15266-8D5B-4280-B617-EE32979E8E29}.Ad-Hoc|Any CPU.ActiveCfg = Release|Any CPU
		{3FB15266-8D5B-4280-B617-EE32979E8E29}.Ad-Hoc|Any CPU.Build.0 = Release|Any CPU
		{3FB15266-8D5B-4280-B617-EE32979E8E29}.Ad-Hoc|Any CPU.Deploy.0 = Release|Any CPU
		{3FB15266-8D5B-4280-B617-EE32979E8E29}.Ad-Hoc|ARM.ActiveCfg = Release|Any CPU
		{3FB15266-8D5B-4280-B617-EE32979E8E29}.Ad-Hoc|ARM.Build.0 = Release|Any CPU
		{3FB15266-8D5B-4280-B617-EE32979E8E29}.Ad-Hoc|ARM.Deploy.0 = Release|Any CPU
		{3FB15266-8D5B-4280-B617-EE32979E8E29}.Ad-Hoc|iPhone.ActiveCfg = Release|Any CPU
		{3FB15266-8D5B-4280-B617-EE32979E8E29}.Ad-Hoc|iPhone.Build.0 = Release|Any CPU
		{3FB15266-8D5B-4280-B617-EE32979E8E29}.Ad-Hoc|iPhone.Deploy.0 = Release|Any CPU
		{3FB15266-8D5B-4280-B617-EE32979E8E29}.Ad-Hoc|iPhoneSimulator.ActiveCfg = Release|Any CPU
		{3FB15266-8D5B-4280-B617-EE32979E8E29}.Ad-Hoc|iPhoneSimulator.Build.0 = Release|Any CPU
		{3FB15266-8D5B-4280-B617-EE32979E8E29}.Ad-Hoc|iPhoneSimulator.Deploy.0 = Release|Any CPU
		{3FB15266-8D5B-4280-B617-EE32979E8E29}.Ad-Hoc|x64.ActiveCfg = Release|Any CPU
		{3FB15266-8D5B-4280-B617-EE32979E8E29}.Ad-Hoc|x64.Build.0 = Release|Any CPU
		{3FB15266-8D5B-4280-B617-EE32979E8E29}.Ad-Hoc|x64.Deploy.0 = Release|Any CPU
		{3FB15266-8D5B-4280-B617-EE32979E8E29}.Ad-Hoc|x86.ActiveCfg = Release|Any CPU
		{3FB15266-8D5B-4280-B617-EE32979E8E29}.Ad-Hoc|x86.Build.0 = Release|Any CPU
		{3FB15266-8D5B-4280-B617-EE32979E8E29}.Ad-Hoc|x86.Deploy.0 = Release|Any CPU
		{3FB15266-8D5B-4280-B617-EE32979E8E29}.AppStore|Any CPU.ActiveCfg = Release|Any CPU
		{3FB15266-8D5B-4280-B617-EE32979E8E29}.AppStore|Any CPU.Build.0 = Release|Any CPU
		{3FB15266-8D5B-4280-B617-EE32979E8E29}.AppStore|Any CPU.Deploy.0 = Release|Any CPU
		{3FB15266-8D5B-4280-B617-EE32979E8E29}.AppStore|ARM.ActiveCfg = Release|Any CPU
		{3FB15266-8D5B-4280-B617-EE32979E8E29}.AppStore|ARM.Build.0 = Release|Any CPU
		{3FB15266-8D5B-4280-B617-EE32979E8E29}.AppStore|ARM.Deploy.0 = Release|Any CPU
		{3FB15266-8D5B-4280-B617-EE32979E8E29}.AppStore|iPhone.ActiveCfg = Release|Any CPU
		{3FB15266-8D5B-4280-B617-EE32979E8E29}.AppStore|iPhone.Build.0 = Release|Any CPU
		{3FB15266-8D5B-4280-B617-EE32979E8E29}.AppStore|iPhone.Deploy.0 = Release|Any CPU
		{3FB15266-8D5B-4280-B617-EE32979E8E29}.AppStore|iPhoneSimulator.ActiveCfg = Release|Any CPU
		{3FB15266-8D5B-4280-B617-EE32979E8E29}.AppStore|iPhoneSimulator.Build.0 = Release|Any CPU
		{3FB15266-8D5B-4280-B617-EE32979E8E29}.AppStore|iPhoneSimulator.Deploy.0 = Release|Any CPU
		{3FB15266-8D5B-4280-B617-EE32979E8E29}.AppStore|x64.ActiveCfg = Release|Any CPU
		{3FB15266-8D5B-4280-B617-EE32979E8E29}.AppStore|x64.Build.0 = Release|Any CPU
		{3FB15266-8D5B-4280-B617-EE32979E8E29}.AppStore|x64.Deploy.0 = Release|Any CPU
		{3FB15266-8D5B-4280-B617-EE32979E8E29}.AppStore|x86.ActiveCfg = Release|Any CPU
		{3FB15266-8D5B-4280-B617-EE32979E8E29}.AppStore|x86.Build.0 = Release|Any CPU
		{3FB15266-8D5B-4280-B617-EE32979E8E29}.AppStore|x86.Deploy.0 = Release|Any CPU
		{3FB15266-8D5B-4280-B617-EE32979E8E29}.Debug|Any CPU.ActiveCfg = Debug|Any CPU
		{3FB15266-8D5B-4280-B617-EE32979E8E29}.Debug|Any CPU.Build.0 = Debug|Any CPU
		{3FB15266-8D5B-4280-B617-EE32979E8E29}.Debug|Any CPU.Deploy.0 = Debug|Any CPU
		{3FB15266-8D5B-4280-B617-EE32979E8E29}.Debug|ARM.ActiveCfg = Debug|Any CPU
		{3FB15266-8D5B-4280-B617-EE32979E8E29}.Debug|ARM.Build.0 = Debug|Any CPU
		{3FB15266-8D5B-4280-B617-EE32979E8E29}.Debug|ARM.Deploy.0 = Debug|Any CPU
		{3FB15266-8D5B-4280-B617-EE32979E8E29}.Debug|iPhone.ActiveCfg = Debug|Any CPU
		{3FB15266-8D5B-4280-B617-EE32979E8E29}.Debug|iPhone.Build.0 = Debug|Any CPU
		{3FB15266-8D5B-4280-B617-EE32979E8E29}.Debug|iPhone.Deploy.0 = Debug|Any CPU
		{3FB15266-8D5B-4280-B617-EE32979E8E29}.Debug|iPhoneSimulator.ActiveCfg = Debug|Any CPU
		{3FB15266-8D5B-4280-B617-EE32979E8E29}.Debug|iPhoneSimulator.Build.0 = Debug|Any CPU
		{3FB15266-8D5B-4280-B617-EE32979E8E29}.Debug|iPhoneSimulator.Deploy.0 = Debug|Any CPU
		{3FB15266-8D5B-4280-B617-EE32979E8E29}.Debug|x64.ActiveCfg = Debug|Any CPU
		{3FB15266-8D5B-4280-B617-EE32979E8E29}.Debug|x64.Build.0 = Debug|Any CPU
		{3FB15266-8D5B-4280-B617-EE32979E8E29}.Debug|x64.Deploy.0 = Debug|Any CPU
		{3FB15266-8D5B-4280-B617-EE32979E8E29}.Debug|x86.ActiveCfg = Debug|Any CPU
		{3FB15266-8D5B-4280-B617-EE32979E8E29}.Debug|x86.Build.0 = Debug|Any CPU
		{3FB15266-8D5B-4280-B617-EE32979E8E29}.Debug|x86.Deploy.0 = Debug|Any CPU
		{3FB15266-8D5B-4280-B617-EE32979E8E29}.Release|Any CPU.ActiveCfg = Release|Any CPU
		{3FB15266-8D5B-4280-B617-EE32979E8E29}.Release|Any CPU.Build.0 = Release|Any CPU
		{3FB15266-8D5B-4280-B617-EE32979E8E29}.Release|Any CPU.Deploy.0 = Release|Any CPU
		{3FB15266-8D5B-4280-B617-EE32979E8E29}.Release|ARM.ActiveCfg = Release|Any CPU
		{3FB15266-8D5B-4280-B617-EE32979E8E29}.Release|ARM.Build.0 = Release|Any CPU
		{3FB15266-8D5B-4280-B617-EE32979E8E29}.Release|ARM.Deploy.0 = Release|Any CPU
		{3FB15266-8D5B-4280-B617-EE32979E8E29}.Release|iPhone.ActiveCfg = Release|Any CPU
		{3FB15266-8D5B-4280-B617-EE32979E8E29}.Release|iPhone.Build.0 = Release|Any CPU
		{3FB15266-8D5B-4280-B617-EE32979E8E29}.Release|iPhone.Deploy.0 = Release|Any CPU
		{3FB15266-8D5B-4280-B617-EE32979E8E29}.Release|iPhoneSimulator.ActiveCfg = Release|Any CPU
		{3FB15266-8D5B-4280-B617-EE32979E8E29}.Release|iPhoneSimulator.Build.0 = Release|Any CPU
		{3FB15266-8D5B-4280-B617-EE32979E8E29}.Release|iPhoneSimulator.Deploy.0 = Release|Any CPU
		{3FB15266-8D5B-4280-B617-EE32979E8E29}.Release|x64.ActiveCfg = Release|Any CPU
		{3FB15266-8D5B-4280-B617-EE32979E8E29}.Release|x64.Build.0 = Release|Any CPU
		{3FB15266-8D5B-4280-B617-EE32979E8E29}.Release|x64.Deploy.0 = Release|Any CPU
		{3FB15266-8D5B-4280-B617-EE32979E8E29}.Release|x86.ActiveCfg = Release|Any CPU
		{3FB15266-8D5B-4280-B617-EE32979E8E29}.Release|x86.Build.0 = Release|Any CPU
		{3FB15266-8D5B-4280-B617-EE32979E8E29}.Release|x86.Deploy.0 = Release|Any CPU
		{AB824F99-9E7F-43FE-B5B5-203FD0443FD2}.Ad-Hoc|Any CPU.ActiveCfg = Ad-Hoc|iPhone
		{AB824F99-9E7F-43FE-B5B5-203FD0443FD2}.Ad-Hoc|ARM.ActiveCfg = Ad-Hoc|iPhone
		{AB824F99-9E7F-43FE-B5B5-203FD0443FD2}.Ad-Hoc|iPhone.ActiveCfg = Ad-Hoc|iPhone
		{AB824F99-9E7F-43FE-B5B5-203FD0443FD2}.Ad-Hoc|iPhone.Build.0 = Ad-Hoc|iPhone
		{AB824F99-9E7F-43FE-B5B5-203FD0443FD2}.Ad-Hoc|iPhoneSimulator.ActiveCfg = Ad-Hoc|iPhoneSimulator
		{AB824F99-9E7F-43FE-B5B5-203FD0443FD2}.Ad-Hoc|iPhoneSimulator.Build.0 = Ad-Hoc|iPhoneSimulator
		{AB824F99-9E7F-43FE-B5B5-203FD0443FD2}.Ad-Hoc|x64.ActiveCfg = Ad-Hoc|iPhone
		{AB824F99-9E7F-43FE-B5B5-203FD0443FD2}.Ad-Hoc|x86.ActiveCfg = Ad-Hoc|iPhone
		{AB824F99-9E7F-43FE-B5B5-203FD0443FD2}.AppStore|Any CPU.ActiveCfg = AppStore|iPhone
		{AB824F99-9E7F-43FE-B5B5-203FD0443FD2}.AppStore|ARM.ActiveCfg = AppStore|iPhone
		{AB824F99-9E7F-43FE-B5B5-203FD0443FD2}.AppStore|iPhone.ActiveCfg = AppStore|iPhone
		{AB824F99-9E7F-43FE-B5B5-203FD0443FD2}.AppStore|iPhone.Build.0 = AppStore|iPhone
		{AB824F99-9E7F-43FE-B5B5-203FD0443FD2}.AppStore|iPhoneSimulator.ActiveCfg = AppStore|iPhoneSimulator
		{AB824F99-9E7F-43FE-B5B5-203FD0443FD2}.AppStore|iPhoneSimulator.Build.0 = AppStore|iPhoneSimulator
		{AB824F99-9E7F-43FE-B5B5-203FD0443FD2}.AppStore|x64.ActiveCfg = AppStore|iPhone
		{AB824F99-9E7F-43FE-B5B5-203FD0443FD2}.AppStore|x86.ActiveCfg = AppStore|iPhone
		{AB824F99-9E7F-43FE-B5B5-203FD0443FD2}.Debug|Any CPU.ActiveCfg = Debug|iPhone
		{AB824F99-9E7F-43FE-B5B5-203FD0443FD2}.Debug|ARM.ActiveCfg = Debug|iPhone
		{AB824F99-9E7F-43FE-B5B5-203FD0443FD2}.Debug|iPhone.ActiveCfg = Debug|iPhone
		{AB824F99-9E7F-43FE-B5B5-203FD0443FD2}.Debug|iPhone.Build.0 = Debug|iPhone
		{AB824F99-9E7F-43FE-B5B5-203FD0443FD2}.Debug|iPhoneSimulator.ActiveCfg = Debug|iPhoneSimulator
		{AB824F99-9E7F-43FE-B5B5-203FD0443FD2}.Debug|iPhoneSimulator.Build.0 = Debug|iPhoneSimulator
		{AB824F99-9E7F-43FE-B5B5-203FD0443FD2}.Debug|x64.ActiveCfg = Debug|iPhone
		{AB824F99-9E7F-43FE-B5B5-203FD0443FD2}.Debug|x86.ActiveCfg = Debug|iPhone
		{AB824F99-9E7F-43FE-B5B5-203FD0443FD2}.Release|Any CPU.ActiveCfg = Release|iPhone
		{AB824F99-9E7F-43FE-B5B5-203FD0443FD2}.Release|ARM.ActiveCfg = Release|iPhone
		{AB824F99-9E7F-43FE-B5B5-203FD0443FD2}.Release|iPhone.ActiveCfg = Release|iPhone
		{AB824F99-9E7F-43FE-B5B5-203FD0443FD2}.Release|iPhone.Build.0 = Release|iPhone
		{AB824F99-9E7F-43FE-B5B5-203FD0443FD2}.Release|iPhoneSimulator.ActiveCfg = Release|iPhoneSimulator
		{AB824F99-9E7F-43FE-B5B5-203FD0443FD2}.Release|iPhoneSimulator.Build.0 = Release|iPhoneSimulator
		{AB824F99-9E7F-43FE-B5B5-203FD0443FD2}.Release|x64.ActiveCfg = Release|iPhone
		{AB824F99-9E7F-43FE-B5B5-203FD0443FD2}.Release|x86.ActiveCfg = Release|iPhone
		{5DF299A0-3B67-49E7-8E74-0F5B142A3BB9}.Ad-Hoc|Any CPU.ActiveCfg = Release|x86
		{5DF299A0-3B67-49E7-8E74-0F5B142A3BB9}.Ad-Hoc|Any CPU.Build.0 = Release|x86
		{5DF299A0-3B67-49E7-8E74-0F5B142A3BB9}.Ad-Hoc|Any CPU.Deploy.0 = Release|x86
		{5DF299A0-3B67-49E7-8E74-0F5B142A3BB9}.Ad-Hoc|ARM.ActiveCfg = Release|ARM
		{5DF299A0-3B67-49E7-8E74-0F5B142A3BB9}.Ad-Hoc|ARM.Build.0 = Release|ARM
		{5DF299A0-3B67-49E7-8E74-0F5B142A3BB9}.Ad-Hoc|ARM.Deploy.0 = Release|ARM
		{5DF299A0-3B67-49E7-8E74-0F5B142A3BB9}.Ad-Hoc|iPhone.ActiveCfg = Release|x86
		{5DF299A0-3B67-49E7-8E74-0F5B142A3BB9}.Ad-Hoc|iPhone.Build.0 = Release|x86
		{5DF299A0-3B67-49E7-8E74-0F5B142A3BB9}.Ad-Hoc|iPhone.Deploy.0 = Release|x86
		{5DF299A0-3B67-49E7-8E74-0F5B142A3BB9}.Ad-Hoc|iPhoneSimulator.ActiveCfg = Release|x86
		{5DF299A0-3B67-49E7-8E74-0F5B142A3BB9}.Ad-Hoc|iPhoneSimulator.Build.0 = Release|x86
		{5DF299A0-3B67-49E7-8E74-0F5B142A3BB9}.Ad-Hoc|iPhoneSimulator.Deploy.0 = Release|x86
		{5DF299A0-3B67-49E7-8E74-0F5B142A3BB9}.Ad-Hoc|x64.ActiveCfg = Release|x64
		{5DF299A0-3B67-49E7-8E74-0F5B142A3BB9}.Ad-Hoc|x64.Build.0 = Release|x64
		{5DF299A0-3B67-49E7-8E74-0F5B142A3BB9}.Ad-Hoc|x64.Deploy.0 = Release|x64
		{5DF299A0-3B67-49E7-8E74-0F5B142A3BB9}.Ad-Hoc|x86.ActiveCfg = Release|x86
		{5DF299A0-3B67-49E7-8E74-0F5B142A3BB9}.Ad-Hoc|x86.Build.0 = Release|x86
		{5DF299A0-3B67-49E7-8E74-0F5B142A3BB9}.Ad-Hoc|x86.Deploy.0 = Release|x86
		{5DF299A0-3B67-49E7-8E74-0F5B142A3BB9}.AppStore|Any CPU.ActiveCfg = Release|x86
		{5DF299A0-3B67-49E7-8E74-0F5B142A3BB9}.AppStore|Any CPU.Build.0 = Release|x86
		{5DF299A0-3B67-49E7-8E74-0F5B142A3BB9}.AppStore|Any CPU.Deploy.0 = Release|x86
		{5DF299A0-3B67-49E7-8E74-0F5B142A3BB9}.AppStore|ARM.ActiveCfg = Release|ARM
		{5DF299A0-3B67-49E7-8E74-0F5B142A3BB9}.AppStore|ARM.Build.0 = Release|ARM
		{5DF299A0-3B67-49E7-8E74-0F5B142A3BB9}.AppStore|ARM.Deploy.0 = Release|ARM
		{5DF299A0-3B67-49E7-8E74-0F5B142A3BB9}.AppStore|iPhone.ActiveCfg = Release|x86
		{5DF299A0-3B67-49E7-8E74-0F5B142A3BB9}.AppStore|iPhone.Build.0 = Release|x86
		{5DF299A0-3B67-49E7-8E74-0F5B142A3BB9}.AppStore|iPhone.Deploy.0 = Release|x86
		{5DF299A0-3B67-49E7-8E74-0F5B142A3BB9}.AppStore|iPhoneSimulator.ActiveCfg = Release|x86
		{5DF299A0-3B67-49E7-8E74-0F5B142A3BB9}.AppStore|iPhoneSimulator.Build.0 = Release|x86
		{5DF299A0-3B67-49E7-8E74-0F5B142A3BB9}.AppStore|iPhoneSimulator.Deploy.0 = Release|x86
		{5DF299A0-3B67-49E7-8E74-0F5B142A3BB9}.AppStore|x64.ActiveCfg = Release|x64
		{5DF299A0-3B67-49E7-8E74-0F5B142A3BB9}.AppStore|x64.Build.0 = Release|x64
		{5DF299A0-3B67-49E7-8E74-0F5B142A3BB9}.AppStore|x64.Deploy.0 = Release|x64
		{5DF299A0-3B67-49E7-8E74-0F5B142A3BB9}.AppStore|x86.ActiveCfg = Release|x86
		{5DF299A0-3B67-49E7-8E74-0F5B142A3BB9}.AppStore|x86.Build.0 = Release|x86
		{5DF299A0-3B67-49E7-8E74-0F5B142A3BB9}.AppStore|x86.Deploy.0 = Release|x86
		{5DF299A0-3B67-49E7-8E74-0F5B142A3BB9}.Debug|Any CPU.ActiveCfg = Debug|x86
		{5DF299A0-3B67-49E7-8E74-0F5B142A3BB9}.Debug|ARM.ActiveCfg = Debug|ARM
		{5DF299A0-3B67-49E7-8E74-0F5B142A3BB9}.Debug|ARM.Build.0 = Debug|ARM
		{5DF299A0-3B67-49E7-8E74-0F5B142A3BB9}.Debug|ARM.Deploy.0 = Debug|ARM
		{5DF299A0-3B67-49E7-8E74-0F5B142A3BB9}.Debug|iPhone.ActiveCfg = Debug|x86
		{5DF299A0-3B67-49E7-8E74-0F5B142A3BB9}.Debug|iPhoneSimulator.ActiveCfg = Debug|x86
		{5DF299A0-3B67-49E7-8E74-0F5B142A3BB9}.Debug|x64.ActiveCfg = Debug|x64
		{5DF299A0-3B67-49E7-8E74-0F5B142A3BB9}.Debug|x64.Build.0 = Debug|x64
		{5DF299A0-3B67-49E7-8E74-0F5B142A3BB9}.Debug|x64.Deploy.0 = Debug|x64
		{5DF299A0-3B67-49E7-8E74-0F5B142A3BB9}.Debug|x86.ActiveCfg = Debug|x86
		{5DF299A0-3B67-49E7-8E74-0F5B142A3BB9}.Debug|x86.Build.0 = Debug|x86
		{5DF299A0-3B67-49E7-8E74-0F5B142A3BB9}.Debug|x86.Deploy.0 = Debug|x86
		{5DF299A0-3B67-49E7-8E74-0F5B142A3BB9}.Release|Any CPU.ActiveCfg = Release|x86
		{5DF299A0-3B67-49E7-8E74-0F5B142A3BB9}.Release|ARM.ActiveCfg = Release|ARM
		{5DF299A0-3B67-49E7-8E74-0F5B142A3BB9}.Release|ARM.Build.0 = Release|ARM
		{5DF299A0-3B67-49E7-8E74-0F5B142A3BB9}.Release|ARM.Deploy.0 = Release|ARM
		{5DF299A0-3B67-49E7-8E74-0F5B142A3BB9}.Release|iPhone.ActiveCfg = Release|x86
		{5DF299A0-3B67-49E7-8E74-0F5B142A3BB9}.Release|iPhoneSimulator.ActiveCfg = Release|x86
		{5DF299A0-3B67-49E7-8E74-0F5B142A3BB9}.Release|x64.ActiveCfg = Release|x64
		{5DF299A0-3B67-49E7-8E74-0F5B142A3BB9}.Release|x64.Build.0 = Release|x64
		{5DF299A0-3B67-49E7-8E74-0F5B142A3BB9}.Release|x64.Deploy.0 = Release|x64
		{5DF299A0-3B67-49E7-8E74-0F5B142A3BB9}.Release|x86.ActiveCfg = Release|x86
		{5DF299A0-3B67-49E7-8E74-0F5B142A3BB9}.Release|x86.Build.0 = Release|x86
		{5DF299A0-3B67-49E7-8E74-0F5B142A3BB9}.Release|x86.Deploy.0 = Release|x86
	EndGlobalSection
	GlobalSection(SolutionProperties) = preSolution
		HideSolutionNode = FALSE
	EndGlobalSection
EndGlobal
